// !$*UTF8*$!
{
	archiveVersion = 1;
	classes = {
	};
	objectVersion = 46;
	objects = {

/* Begin PBXBuildFile section */
		195C560C1CFF01C400F61FB7 /* main.m in Sources */ = {isa = PBXBuildFile; fileRef = 195C560B1CFF01C400F61FB7 /* main.m */; };
		195C560F1CFF01C400F61FB7 /* AppDelegate.m in Sources */ = {isa = PBXBuildFile; fileRef = 195C560E1CFF01C400F61FB7 /* AppDelegate.m */; };
		195C56121CFF01C400F61FB7 /* ViewController.m in Sources */ = {isa = PBXBuildFile; fileRef = 195C56111CFF01C400F61FB7 /* ViewController.m */; };
		195C56151CFF01C400F61FB7 /* Main.storyboard in Resources */ = {isa = PBXBuildFile; fileRef = 195C56131CFF01C400F61FB7 /* Main.storyboard */; };
		195C56171CFF01C400F61FB7 /* Assets.xcassets in Resources */ = {isa = PBXBuildFile; fileRef = 195C56161CFF01C400F61FB7 /* Assets.xcassets */; };
		195C56251CFF01C400F61FB7 /* SANetworkDemoTests.m in Sources */ = {isa = PBXBuildFile; fileRef = 195C56241CFF01C400F61FB7 /* SANetworkDemoTests.m */; };
		195C56341CFF034800F61FB7 /* ExpressRequest.m in Sources */ = {isa = PBXBuildFile; fileRef = 195C56321CFF034800F61FB7 /* ExpressRequest.m */; };
		197B21A41D45C32E00A6E3E2 /* SATestRequestCase.m in Sources */ = {isa = PBXBuildFile; fileRef = 197B21A31D45C32E00A6E3E2 /* SATestRequestCase.m */; };
		197B21B01D488D5200A6E3E2 /* UserInfoRequest.m in Sources */ = {isa = PBXBuildFile; fileRef = 197B21AF1D488D5200A6E3E2 /* UserInfoRequest.m */; };
		197B21D41D49A12400A6E3E2 /* Default-568h@2x.png in Resources */ = {isa = PBXBuildFile; fileRef = 197B21D31D49A12400A6E3E2 /* Default-568h@2x.png */; };
		19C9BE031D40C2690063D506 /* SANetworkAgent.m in Sources */ = {isa = PBXBuildFile; fileRef = 19C9BDFE1D40C2690063D506 /* SANetworkAgent.m */; };
		19C9BE041D40C2690063D506 /* SANetworkBatchRequest.m in Sources */ = {isa = PBXBuildFile; fileRef = 19C9BE001D40C2690063D506 /* SANetworkBatchRequest.m */; };
		19C9BE051D40C2690063D506 /* SANetworkChainRequest.m in Sources */ = {isa = PBXBuildFile; fileRef = 19C9BE021D40C2690063D506 /* SANetworkChainRequest.m */; };
		19C9BE0B1D40C2B60063D506 /* SANetworkConfig.m in Sources */ = {isa = PBXBuildFile; fileRef = 19C9BE0A1D40C2B60063D506 /* SANetworkConfig.m */; };
		19C9BE131D40C56A0063D506 /* SANetworkResponse.m in Sources */ = {isa = PBXBuildFile; fileRef = 19C9BE121D40C56A0063D506 /* SANetworkResponse.m */; };
		19C9BE201D40CB4F0063D506 /* SANetworkHUDAccessory.m in Sources */ = {isa = PBXBuildFile; fileRef = 19C9BE1D1D40CB4F0063D506 /* SANetworkHUDAccessory.m */; };
		19C9BE211D40CB4F0063D506 /* SANetworkRefreshAccessory.m in Sources */ = {isa = PBXBuildFile; fileRef = 19C9BE1F1D40CB4F0063D506 /* SANetworkRefreshAccessory.m */; };
		19C9BE241D41A3750063D506 /* SANetworkRequest.m in Sources */ = {isa = PBXBuildFile; fileRef = 19C9BE231D41A3750063D506 /* SANetworkRequest.m */; };
		19C9BE281D41C78F0063D506 /* SANetworkLogger.m in Sources */ = {isa = PBXBuildFile; fileRef = 19C9BE271D41C78F0063D506 /* SANetworkLogger.m */; };
		19C9BE2B1D41CE290063D506 /* SANetworkTestCase.m in Sources */ = {isa = PBXBuildFile; fileRef = 19C9BE2A1D41CE290063D506 /* SANetworkTestCase.m */; };
		5B6497926399097DB7F086A6 /* libPods-SANetworkDemo.a in Frameworks */ = {isa = PBXBuildFile; fileRef = AB2528E5815BC4F78DBC14B0 /* libPods-SANetworkDemo.a */; };
/* End PBXBuildFile section */

/* Begin PBXContainerItemProxy section */
		195C56211CFF01C400F61FB7 /* PBXContainerItemProxy */ = {
			isa = PBXContainerItemProxy;
			containerPortal = 195C55FF1CFF01C400F61FB7 /* Project object */;
			proxyType = 1;
			remoteGlobalIDString = 195C56061CFF01C400F61FB7;
			remoteInfo = SANetworkDemo;
		};
/* End PBXContainerItemProxy section */

/* Begin PBXFileReference section */
		195C56071CFF01C400F61FB7 /* SANetworkDemo.app */ = {isa = PBXFileReference; explicitFileType = wrapper.application; includeInIndex = 0; path = SANetworkDemo.app; sourceTree = BUILT_PRODUCTS_DIR; };
		195C560B1CFF01C400F61FB7 /* main.m */ = {isa = PBXFileReference; lastKnownFileType = sourcecode.c.objc; path = main.m; sourceTree = "<group>"; };
		195C560D1CFF01C400F61FB7 /* AppDelegate.h */ = {isa = PBXFileReference; lastKnownFileType = sourcecode.c.h; path = AppDelegate.h; sourceTree = "<group>"; };
		195C560E1CFF01C400F61FB7 /* AppDelegate.m */ = {isa = PBXFileReference; lastKnownFileType = sourcecode.c.objc; path = AppDelegate.m; sourceTree = "<group>"; };
		195C56101CFF01C400F61FB7 /* ViewController.h */ = {isa = PBXFileReference; lastKnownFileType = sourcecode.c.h; path = ViewController.h; sourceTree = "<group>"; };
		195C56111CFF01C400F61FB7 /* ViewController.m */ = {isa = PBXFileReference; lastKnownFileType = sourcecode.c.objc; path = ViewController.m; sourceTree = "<group>"; };
		195C56141CFF01C400F61FB7 /* Base */ = {isa = PBXFileReference; lastKnownFileType = file.storyboard; name = Base; path = Base.lproj/Main.storyboard; sourceTree = "<group>"; };
		195C56161CFF01C400F61FB7 /* Assets.xcassets */ = {isa = PBXFileReference; lastKnownFileType = folder.assetcatalog; path = Assets.xcassets; sourceTree = "<group>"; };
		195C561B1CFF01C400F61FB7 /* Info.plist */ = {isa = PBXFileReference; lastKnownFileType = text.plist.xml; path = Info.plist; sourceTree = "<group>"; };
		195C56201CFF01C400F61FB7 /* SANetworkDemo.xctest */ = {isa = PBXFileReference; explicitFileType = wrapper.cfbundle; includeInIndex = 0; path = SANetworkDemo.xctest; sourceTree = BUILT_PRODUCTS_DIR; };
		195C56241CFF01C400F61FB7 /* SANetworkDemoTests.m */ = {isa = PBXFileReference; lastKnownFileType = sourcecode.c.objc; path = SANetworkDemoTests.m; sourceTree = "<group>"; };
		195C56261CFF01C400F61FB7 /* Info.plist */ = {isa = PBXFileReference; lastKnownFileType = text.plist.xml; path = Info.plist; sourceTree = "<group>"; };
		195C56311CFF034800F61FB7 /* ExpressRequest.h */ = {isa = PBXFileReference; fileEncoding = 4; lastKnownFileType = sourcecode.c.h; path = ExpressRequest.h; sourceTree = "<group>"; };
		195C56321CFF034800F61FB7 /* ExpressRequest.m */ = {isa = PBXFileReference; fileEncoding = 4; lastKnownFileType = sourcecode.c.objc; path = ExpressRequest.m; sourceTree = "<group>"; };
		195C56481CFF035F00F61FB7 /* SANetwork.h */ = {isa = PBXFileReference; fileEncoding = 4; lastKnownFileType = sourcecode.c.h; path = SANetwork.h; sourceTree = "<group>"; };
		195C56551CFF035F00F61FB7 /* SANetworkAccessoryProtocol.h */ = {isa = PBXFileReference; fileEncoding = 4; lastKnownFileType = sourcecode.c.h; path = SANetworkAccessoryProtocol.h; sourceTree = "<group>"; };
		195C56571CFF035F00F61FB7 /* SANetworkInterceptorProtocol.h */ = {isa = PBXFileReference; fileEncoding = 4; lastKnownFileType = sourcecode.c.h; path = SANetworkInterceptorProtocol.h; sourceTree = "<group>"; };
		195C56591CFF035F00F61FB7 /* SANetworkResponseProtocol.h */ = {isa = PBXFileReference; fileEncoding = 4; lastKnownFileType = sourcecode.c.h; path = SANetworkResponseProtocol.h; sourceTree = "<group>"; };
		197B21A31D45C32E00A6E3E2 /* SATestRequestCase.m */ = {isa = PBXFileReference; fileEncoding = 4; lastKnownFileType = sourcecode.c.objc; path = SATestRequestCase.m; sourceTree = "<group>"; };
		197B21AE1D488D5200A6E3E2 /* UserInfoRequest.h */ = {isa = PBXFileReference; fileEncoding = 4; lastKnownFileType = sourcecode.c.h; path = UserInfoRequest.h; sourceTree = "<group>"; };
		197B21AF1D488D5200A6E3E2 /* UserInfoRequest.m */ = {isa = PBXFileReference; fileEncoding = 4; lastKnownFileType = sourcecode.c.objc; path = UserInfoRequest.m; sourceTree = "<group>"; };
		197B21D31D49A12400A6E3E2 /* Default-568h@2x.png */ = {isa = PBXFileReference; lastKnownFileType = image.png; name = "Default-568h@2x.png"; path = "../Default-568h@2x.png"; sourceTree = "<group>"; };
		19C9BDFD1D40C2690063D506 /* SANetworkAgent.h */ = {isa = PBXFileReference; fileEncoding = 4; lastKnownFileType = sourcecode.c.h; path = SANetworkAgent.h; sourceTree = "<group>"; };
		19C9BDFE1D40C2690063D506 /* SANetworkAgent.m */ = {isa = PBXFileReference; fileEncoding = 4; lastKnownFileType = sourcecode.c.objc; path = SANetworkAgent.m; sourceTree = "<group>"; };
		19C9BDFF1D40C2690063D506 /* SANetworkBatchRequest.h */ = {isa = PBXFileReference; fileEncoding = 4; lastKnownFileType = sourcecode.c.h; path = SANetworkBatchRequest.h; sourceTree = "<group>"; };
		19C9BE001D40C2690063D506 /* SANetworkBatchRequest.m */ = {isa = PBXFileReference; fileEncoding = 4; lastKnownFileType = sourcecode.c.objc; path = SANetworkBatchRequest.m; sourceTree = "<group>"; };
		19C9BE011D40C2690063D506 /* SANetworkChainRequest.h */ = {isa = PBXFileReference; fileEncoding = 4; lastKnownFileType = sourcecode.c.h; path = SANetworkChainRequest.h; sourceTree = "<group>"; };
		19C9BE021D40C2690063D506 /* SANetworkChainRequest.m */ = {isa = PBXFileReference; fileEncoding = 4; lastKnownFileType = sourcecode.c.objc; path = SANetworkChainRequest.m; sourceTree = "<group>"; };
		19C9BE091D40C2B60063D506 /* SANetworkConfig.h */ = {isa = PBXFileReference; fileEncoding = 4; lastKnownFileType = sourcecode.c.h; path = SANetworkConfig.h; sourceTree = "<group>"; };
		19C9BE0A1D40C2B60063D506 /* SANetworkConfig.m */ = {isa = PBXFileReference; fileEncoding = 4; lastKnownFileType = sourcecode.c.objc; path = SANetworkConfig.m; sourceTree = "<group>"; };
		19C9BE0C1D40C33B0063D506 /* SANetworkRequestConfigProtocol.h */ = {isa = PBXFileReference; fileEncoding = 4; lastKnownFileType = sourcecode.c.h; path = SANetworkRequestConfigProtocol.h; sourceTree = "<group>"; };
		19C9BE0D1D40C43E0063D506 /* SANetworkRequestParamSourceProtocol.h */ = {isa = PBXFileReference; fileEncoding = 4; lastKnownFileType = sourcecode.c.h; path = SANetworkRequestParamSourceProtocol.h; sourceTree = "<group>"; };
		19C9BE111D40C56A0063D506 /* SANetworkResponse.h */ = {isa = PBXFileReference; fileEncoding = 4; lastKnownFileType = sourcecode.c.h; path = SANetworkResponse.h; sourceTree = "<group>"; };
		19C9BE121D40C56A0063D506 /* SANetworkResponse.m */ = {isa = PBXFileReference; fileEncoding = 4; lastKnownFileType = sourcecode.c.objc; path = SANetworkResponse.m; sourceTree = "<group>"; };
		19C9BE1C1D40CB4F0063D506 /* SANetworkHUDAccessory.h */ = {isa = PBXFileReference; fileEncoding = 4; lastKnownFileType = sourcecode.c.h; path = SANetworkHUDAccessory.h; sourceTree = "<group>"; };
		19C9BE1D1D40CB4F0063D506 /* SANetworkHUDAccessory.m */ = {isa = PBXFileReference; fileEncoding = 4; lastKnownFileType = sourcecode.c.objc; path = SANetworkHUDAccessory.m; sourceTree = "<group>"; };
		19C9BE1E1D40CB4F0063D506 /* SANetworkRefreshAccessory.h */ = {isa = PBXFileReference; fileEncoding = 4; lastKnownFileType = sourcecode.c.h; path = SANetworkRefreshAccessory.h; sourceTree = "<group>"; };
		19C9BE1F1D40CB4F0063D506 /* SANetworkRefreshAccessory.m */ = {isa = PBXFileReference; fileEncoding = 4; lastKnownFileType = sourcecode.c.objc; path = SANetworkRefreshAccessory.m; sourceTree = "<group>"; };
		19C9BE221D41A3750063D506 /* SANetworkRequest.h */ = {isa = PBXFileReference; fileEncoding = 4; lastKnownFileType = sourcecode.c.h; path = SANetworkRequest.h; sourceTree = "<group>"; };
		19C9BE231D41A3750063D506 /* SANetworkRequest.m */ = {isa = PBXFileReference; fileEncoding = 4; lastKnownFileType = sourcecode.c.objc; path = SANetworkRequest.m; sourceTree = "<group>"; };
		19C9BE261D41C78F0063D506 /* SANetworkLogger.h */ = {isa = PBXFileReference; fileEncoding = 4; lastKnownFileType = sourcecode.c.h; path = SANetworkLogger.h; sourceTree = "<group>"; };
		19C9BE271D41C78F0063D506 /* SANetworkLogger.m */ = {isa = PBXFileReference; fileEncoding = 4; lastKnownFileType = sourcecode.c.objc; path = SANetworkLogger.m; sourceTree = "<group>"; };
		19C9BE291D41CE290063D506 /* SANetworkTestCase.h */ = {isa = PBXFileReference; fileEncoding = 4; lastKnownFileType = sourcecode.c.h; path = SANetworkTestCase.h; sourceTree = "<group>"; };
		19C9BE2A1D41CE290063D506 /* SANetworkTestCase.m */ = {isa = PBXFileReference; fileEncoding = 4; lastKnownFileType = sourcecode.c.objc; path = SANetworkTestCase.m; sourceTree = "<group>"; };
		19C9BE331D4207D90063D506 /* libAFNetworking.a */ = {isa = PBXFileReference; lastKnownFileType = archive.ar; name = libAFNetworking.a; path = "Pods/../build/Debug-iphoneos/AFNetworking/libAFNetworking.a"; sourceTree = "<group>"; };
		1CEAA5CB08944AF4CEEE257D /* Pods-SANetworkDemo.release.xcconfig */ = {isa = PBXFileReference; includeInIndex = 1; lastKnownFileType = text.xcconfig; name = "Pods-SANetworkDemo.release.xcconfig"; path = "Pods/Target Support Files/Pods-SANetworkDemo/Pods-SANetworkDemo.release.xcconfig"; sourceTree = "<group>"; };
		6487FEB2D5B0102F200327B2 /* Pods-SANetworkDemo.debug.xcconfig */ = {isa = PBXFileReference; includeInIndex = 1; lastKnownFileType = text.xcconfig; name = "Pods-SANetworkDemo.debug.xcconfig"; path = "Pods/Target Support Files/Pods-SANetworkDemo/Pods-SANetworkDemo.debug.xcconfig"; sourceTree = "<group>"; };
		AB2528E5815BC4F78DBC14B0 /* libPods-SANetworkDemo.a */ = {isa = PBXFileReference; explicitFileType = archive.ar; includeInIndex = 0; path = "libPods-SANetworkDemo.a"; sourceTree = BUILT_PRODUCTS_DIR; };
/* End PBXFileReference section */

/* Begin PBXFrameworksBuildPhase section */
		195C56041CFF01C400F61FB7 /* Frameworks */ = {
			isa = PBXFrameworksBuildPhase;
			buildActionMask = 2147483647;
			files = (
				5B6497926399097DB7F086A6 /* libPods-SANetworkDemo.a in Frameworks */,
			);
			runOnlyForDeploymentPostprocessing = 0;
		};
		195C561D1CFF01C400F61FB7 /* Frameworks */ = {
			isa = PBXFrameworksBuildPhase;
			buildActionMask = 2147483647;
			files = (
			);
			runOnlyForDeploymentPostprocessing = 0;
		};
/* End PBXFrameworksBuildPhase section */

/* Begin PBXGroup section */
		12F65058974E7240CCEC274F /* Frameworks */ = {
			isa = PBXGroup;
			children = (
				19C9BE331D4207D90063D506 /* libAFNetworking.a */,
				AB2528E5815BC4F78DBC14B0 /* libPods-SANetworkDemo.a */,
			);
			name = Frameworks;
			sourceTree = "<group>";
		};
		195C55FE1CFF01C400F61FB7 = {
			isa = PBXGroup;
			children = (
				195C56441CFF035F00F61FB7 /* SANetwork */,
				195C56091CFF01C400F61FB7 /* SANetworkDemo */,
				195C56231CFF01C400F61FB7 /* SANetworkDemoTests */,
				195C56081CFF01C400F61FB7 /* Products */,
				A31B366D16F4DB9DBEEC4CAA /* Pods */,
				12F65058974E7240CCEC274F /* Frameworks */,
			);
			sourceTree = "<group>";
		};
		195C56081CFF01C400F61FB7 /* Products */ = {
			isa = PBXGroup;
			children = (
				195C56071CFF01C400F61FB7 /* SANetworkDemo.app */,
				195C56201CFF01C400F61FB7 /* SANetworkDemo.xctest */,
			);
			name = Products;
			sourceTree = "<group>";
		};
		195C56091CFF01C400F61FB7 /* SANetworkDemo */ = {
			isa = PBXGroup;
			children = (
				195C560D1CFF01C400F61FB7 /* AppDelegate.h */,
				195C560E1CFF01C400F61FB7 /* AppDelegate.m */,
				195C56101CFF01C400F61FB7 /* ViewController.h */,
				195C56111CFF01C400F61FB7 /* ViewController.m */,
				195C56131CFF01C400F61FB7 /* Main.storyboard */,
				195C56311CFF034800F61FB7 /* ExpressRequest.h */,
				195C56321CFF034800F61FB7 /* ExpressRequest.m */,
				197B21AE1D488D5200A6E3E2 /* UserInfoRequest.h */,
				197B21AF1D488D5200A6E3E2 /* UserInfoRequest.m */,
				195C56161CFF01C400F61FB7 /* Assets.xcassets */,
				195C561B1CFF01C400F61FB7 /* Info.plist */,
				195C560A1CFF01C400F61FB7 /* Supporting Files */,
			);
			path = SANetworkDemo;
			sourceTree = "<group>";
		};
		195C560A1CFF01C400F61FB7 /* Supporting Files */ = {
			isa = PBXGroup;
			children = (
				197B21D31D49A12400A6E3E2 /* Default-568h@2x.png */,
				195C560B1CFF01C400F61FB7 /* main.m */,
			);
			name = "Supporting Files";
			sourceTree = "<group>";
		};
		195C56231CFF01C400F61FB7 /* SANetworkDemoTests */ = {
			isa = PBXGroup;
			children = (
				195C56241CFF01C400F61FB7 /* SANetworkDemoTests.m */,
				195C56261CFF01C400F61FB7 /* Info.plist */,
				19C9BE291D41CE290063D506 /* SANetworkTestCase.h */,
				19C9BE2A1D41CE290063D506 /* SANetworkTestCase.m */,
				197B21A31D45C32E00A6E3E2 /* SATestRequestCase.m */,
			);
			path = SANetworkDemoTests;
			sourceTree = "<group>";
		};
		195C56441CFF035F00F61FB7 /* SANetwork */ = {
			isa = PBXGroup;
			children = (
				195C56481CFF035F00F61FB7 /* SANetwork.h */,
				19C9BE251D41C77E0063D506 /* SANetworkLogger */,
				19C9BE1B1D40CB4F0063D506 /* SANetworkAccessory */,
				19C9BDFC1D40C2490063D506 /* SANetwork */,
				195C56541CFF035F00F61FB7 /* SANetworkProtocol */,
			);
			path = SANetwork;
			sourceTree = "<group>";
		};
		195C56541CFF035F00F61FB7 /* SANetworkProtocol */ = {
			isa = PBXGroup;
			children = (
				195C56551CFF035F00F61FB7 /* SANetworkAccessoryProtocol.h */,
				195C56571CFF035F00F61FB7 /* SANetworkInterceptorProtocol.h */,
				19C9BE0C1D40C33B0063D506 /* SANetworkRequestConfigProtocol.h */,
				19C9BE0D1D40C43E0063D506 /* SANetworkRequestParamSourceProtocol.h */,
				195C56591CFF035F00F61FB7 /* SANetworkResponseProtocol.h */,
			);
			path = SANetworkProtocol;
			sourceTree = "<group>";
		};
		19C9BDFC1D40C2490063D506 /* SANetwork */ = {
			isa = PBXGroup;
			children = (
				19C9BDFD1D40C2690063D506 /* SANetworkAgent.h */,
				19C9BDFE1D40C2690063D506 /* SANetworkAgent.m */,
				19C9BE221D41A3750063D506 /* SANetworkRequest.h */,
				19C9BE231D41A3750063D506 /* SANetworkRequest.m */,
				19C9BDFF1D40C2690063D506 /* SANetworkBatchRequest.h */,
				19C9BE001D40C2690063D506 /* SANetworkBatchRequest.m */,
				19C9BE011D40C2690063D506 /* SANetworkChainRequest.h */,
				19C9BE021D40C2690063D506 /* SANetworkChainRequest.m */,
				19C9BE091D40C2B60063D506 /* SANetworkConfig.h */,
				19C9BE0A1D40C2B60063D506 /* SANetworkConfig.m */,
				19C9BE111D40C56A0063D506 /* SANetworkResponse.h */,
				19C9BE121D40C56A0063D506 /* SANetworkResponse.m */,
			);
			path = SANetwork;
			sourceTree = "<group>";
		};
		19C9BE1B1D40CB4F0063D506 /* SANetworkAccessory */ = {
			isa = PBXGroup;
			children = (
				19C9BE1C1D40CB4F0063D506 /* SANetworkHUDAccessory.h */,
				19C9BE1D1D40CB4F0063D506 /* SANetworkHUDAccessory.m */,
				19C9BE1E1D40CB4F0063D506 /* SANetworkRefreshAccessory.h */,
				19C9BE1F1D40CB4F0063D506 /* SANetworkRefreshAccessory.m */,
			);
			path = SANetworkAccessory;
			sourceTree = "<group>";
		};
		19C9BE251D41C77E0063D506 /* SANetworkLogger */ = {
			isa = PBXGroup;
			children = (
				19C9BE261D41C78F0063D506 /* SANetworkLogger.h */,
				19C9BE271D41C78F0063D506 /* SANetworkLogger.m */,
			);
			path = SANetworkLogger;
			sourceTree = "<group>";
		};
		A31B366D16F4DB9DBEEC4CAA /* Pods */ = {
			isa = PBXGroup;
			children = (
				6487FEB2D5B0102F200327B2 /* Pods-SANetworkDemo.debug.xcconfig */,
				1CEAA5CB08944AF4CEEE257D /* Pods-SANetworkDemo.release.xcconfig */,
			);
			name = Pods;
			sourceTree = "<group>";
		};
/* End PBXGroup section */

/* Begin PBXNativeTarget section */
		195C56061CFF01C400F61FB7 /* SANetworkDemo */ = {
			isa = PBXNativeTarget;
			buildConfigurationList = 195C56291CFF01C400F61FB7 /* Build configuration list for PBXNativeTarget "SANetworkDemo" */;
			buildPhases = (
				737E17C7C774D55B4D3B9686 /* [CP] Check Pods Manifest.lock */,
				195C56031CFF01C400F61FB7 /* Sources */,
				195C56041CFF01C400F61FB7 /* Frameworks */,
				195C56051CFF01C400F61FB7 /* Resources */,
				FC5F28C90A9318ABB4F96AB2 /* [CP] Embed Pods Frameworks */,
				87367B2A42FCEE553C88BF3F /* [CP] Copy Pods Resources */,
			);
			buildRules = (
			);
			dependencies = (
			);
			name = SANetworkDemo;
			productName = SANetworkDemo;
			productReference = 195C56071CFF01C400F61FB7 /* SANetworkDemo.app */;
			productType = "com.apple.product-type.application";
		};
		195C561F1CFF01C400F61FB7 /* SANetworkDemoTests */ = {
			isa = PBXNativeTarget;
			buildConfigurationList = 195C562C1CFF01C400F61FB7 /* Build configuration list for PBXNativeTarget "SANetworkDemoTests" */;
			buildPhases = (
				195C561C1CFF01C400F61FB7 /* Sources */,
				195C561D1CFF01C400F61FB7 /* Frameworks */,
				195C561E1CFF01C400F61FB7 /* Resources */,
			);
			buildRules = (
			);
			dependencies = (
				195C56221CFF01C400F61FB7 /* PBXTargetDependency */,
			);
			name = SANetworkDemoTests;
			productName = SANetworkDemoTests;
			productReference = 195C56201CFF01C400F61FB7 /* SANetworkDemo.xctest */;
			productType = "com.apple.product-type.bundle.unit-test";
		};
/* End PBXNativeTarget section */

/* Begin PBXProject section */
		195C55FF1CFF01C400F61FB7 /* Project object */ = {
			isa = PBXProject;
			attributes = {
				LastUpgradeCheck = 0730;
				ORGANIZATIONNAME = "学宝工作室";
				TargetAttributes = {
					195C56061CFF01C400F61FB7 = {
						CreatedOnToolsVersion = 7.3.1;
					};
					195C561F1CFF01C400F61FB7 = {
						CreatedOnToolsVersion = 7.3.1;
						TestTargetID = 195C56061CFF01C400F61FB7;
					};
				};
			};
			buildConfigurationList = 195C56021CFF01C400F61FB7 /* Build configuration list for PBXProject "SANetworkDemo" */;
			compatibilityVersion = "Xcode 3.2";
			developmentRegion = English;
			hasScannedForEncodings = 0;
			knownRegions = (
				en,
				Base,
			);
			mainGroup = 195C55FE1CFF01C400F61FB7;
			productRefGroup = 195C56081CFF01C400F61FB7 /* Products */;
			projectDirPath = "";
			projectRoot = "";
			targets = (
				195C56061CFF01C400F61FB7 /* SANetworkDemo */,
				195C561F1CFF01C400F61FB7 /* SANetworkDemoTests */,
			);
		};
/* End PBXProject section */

/* Begin PBXResourcesBuildPhase section */
		195C56051CFF01C400F61FB7 /* Resources */ = {
			isa = PBXResourcesBuildPhase;
			buildActionMask = 2147483647;
			files = (
				197B21D41D49A12400A6E3E2 /* Default-568h@2x.png in Resources */,
				195C56171CFF01C400F61FB7 /* Assets.xcassets in Resources */,
				195C56151CFF01C400F61FB7 /* Main.storyboard in Resources */,
			);
			runOnlyForDeploymentPostprocessing = 0;
		};
		195C561E1CFF01C400F61FB7 /* Resources */ = {
			isa = PBXResourcesBuildPhase;
			buildActionMask = 2147483647;
			files = (
			);
			runOnlyForDeploymentPostprocessing = 0;
		};
/* End PBXResourcesBuildPhase section */

/* Begin PBXShellScriptBuildPhase section */
		737E17C7C774D55B4D3B9686 /* [CP] Check Pods Manifest.lock */ = {
			isa = PBXShellScriptBuildPhase;
			buildActionMask = 2147483647;
			files = (
			);
			inputPaths = (
			);
			name = "[CP] Check Pods Manifest.lock";
			outputPaths = (
			);
			runOnlyForDeploymentPostprocessing = 0;
			shellPath = /bin/sh;
			shellScript = "diff \"${PODS_ROOT}/../Podfile.lock\" \"${PODS_ROOT}/Manifest.lock\" > /dev/null\nif [[ $? != 0 ]] ; then\n    cat << EOM\nerror: The sandbox is not in sync with the Podfile.lock. Run 'pod install' or update your CocoaPods installation.\nEOM\n    exit 1\nfi\n";
			showEnvVarsInLog = 0;
		};
		87367B2A42FCEE553C88BF3F /* [CP] Copy Pods Resources */ = {
			isa = PBXShellScriptBuildPhase;
			buildActionMask = 2147483647;
			files = (
			);
			inputPaths = (
			);
			name = "[CP] Copy Pods Resources";
			outputPaths = (
			);
			runOnlyForDeploymentPostprocessing = 0;
			shellPath = /bin/sh;
			shellScript = "\"${SRCROOT}/Pods/Target Support Files/Pods-SANetworkDemo/Pods-SANetworkDemo-resources.sh\"\n";
			showEnvVarsInLog = 0;
		};
		FC5F28C90A9318ABB4F96AB2 /* [CP] Embed Pods Frameworks */ = {
			isa = PBXShellScriptBuildPhase;
			buildActionMask = 2147483647;
			files = (
			);
			inputPaths = (
			);
			name = "[CP] Embed Pods Frameworks";
			outputPaths = (
			);
			runOnlyForDeploymentPostprocessing = 0;
			shellPath = /bin/sh;
			shellScript = "\"${SRCROOT}/Pods/Target Support Files/Pods-SANetworkDemo/Pods-SANetworkDemo-frameworks.sh\"\n";
			showEnvVarsInLog = 0;
		};
/* End PBXShellScriptBuildPhase section */

/* Begin PBXSourcesBuildPhase section */
		195C56031CFF01C400F61FB7 /* Sources */ = {
			isa = PBXSourcesBuildPhase;
			buildActionMask = 2147483647;
			files = (
				195C56121CFF01C400F61FB7 /* ViewController.m in Sources */,
				19C9BE211D40CB4F0063D506 /* SANetworkRefreshAccessory.m in Sources */,
				195C560F1CFF01C400F61FB7 /* AppDelegate.m in Sources */,
				19C9BE241D41A3750063D506 /* SANetworkRequest.m in Sources */,
				19C9BE0B1D40C2B60063D506 /* SANetworkConfig.m in Sources */,
				19C9BE281D41C78F0063D506 /* SANetworkLogger.m in Sources */,
				19C9BE041D40C2690063D506 /* SANetworkBatchRequest.m in Sources */,
				19C9BE051D40C2690063D506 /* SANetworkChainRequest.m in Sources */,
				197B21B01D488D5200A6E3E2 /* UserInfoRequest.m in Sources */,
				19C9BE031D40C2690063D506 /* SANetworkAgent.m in Sources */,
				195C56341CFF034800F61FB7 /* ExpressRequest.m in Sources */,
				19C9BE201D40CB4F0063D506 /* SANetworkHUDAccessory.m in Sources */,
				195C560C1CFF01C400F61FB7 /* main.m in Sources */,
				19C9BE131D40C56A0063D506 /* SANetworkResponse.m in Sources */,
			);
			runOnlyForDeploymentPostprocessing = 0;
		};
		195C561C1CFF01C400F61FB7 /* Sources */ = {
			isa = PBXSourcesBuildPhase;
			buildActionMask = 2147483647;
			files = (
				19C9BE2B1D41CE290063D506 /* SANetworkTestCase.m in Sources */,
				195C56251CFF01C400F61FB7 /* SANetworkDemoTests.m in Sources */,
				197B21A41D45C32E00A6E3E2 /* SATestRequestCase.m in Sources */,
			);
			runOnlyForDeploymentPostprocessing = 0;
		};
/* End PBXSourcesBuildPhase section */

/* Begin PBXTargetDependency section */
		195C56221CFF01C400F61FB7 /* PBXTargetDependency */ = {
			isa = PBXTargetDependency;
			target = 195C56061CFF01C400F61FB7 /* SANetworkDemo */;
			targetProxy = 195C56211CFF01C400F61FB7 /* PBXContainerItemProxy */;
		};
/* End PBXTargetDependency section */

/* Begin PBXVariantGroup section */
		195C56131CFF01C400F61FB7 /* Main.storyboard */ = {
			isa = PBXVariantGroup;
			children = (
				195C56141CFF01C400F61FB7 /* Base */,
			);
			name = Main.storyboard;
			sourceTree = "<group>";
		};
/* End PBXVariantGroup section */

/* Begin XCBuildConfiguration section */
		195C56271CFF01C400F61FB7 /* Debug */ = {
			isa = XCBuildConfiguration;
			buildSettings = {
				ALWAYS_SEARCH_USER_PATHS = NO;
				CLANG_ANALYZER_NONNULL = YES;
				CLANG_CXX_LANGUAGE_STANDARD = "gnu++0x";
				CLANG_CXX_LIBRARY = "libc++";
				CLANG_ENABLE_MODULES = YES;
				CLANG_ENABLE_OBJC_ARC = YES;
				CLANG_WARN_BOOL_CONVERSION = YES;
				CLANG_WARN_CONSTANT_CONVERSION = YES;
				CLANG_WARN_DIRECT_OBJC_ISA_USAGE = YES_ERROR;
				CLANG_WARN_EMPTY_BODY = YES;
				CLANG_WARN_ENUM_CONVERSION = YES;
				CLANG_WARN_INT_CONVERSION = YES;
				CLANG_WARN_OBJC_ROOT_CLASS = YES_ERROR;
				CLANG_WARN_UNREACHABLE_CODE = YES;
				CLANG_WARN__DUPLICATE_METHOD_MATCH = YES;
				"CODE_SIGN_IDENTITY[sdk=iphoneos*]" = "iPhone Developer";
				COPY_PHASE_STRIP = NO;
				DEBUG_INFORMATION_FORMAT = dwarf;
				ENABLE_STRICT_OBJC_MSGSEND = YES;
				ENABLE_TESTABILITY = YES;
				GCC_C_LANGUAGE_STANDARD = gnu99;
				GCC_DYNAMIC_NO_PIC = NO;
				GCC_NO_COMMON_BLOCKS = YES;
				GCC_OPTIMIZATION_LEVEL = 0;
				GCC_PREPROCESSOR_DEFINITIONS = (
					"DEBUG=1",
					"$(inherited)",
				);
				GCC_WARN_64_TO_32_BIT_CONVERSION = YES;
				GCC_WARN_ABOUT_RETURN_TYPE = YES_ERROR;
				GCC_WARN_UNDECLARED_SELECTOR = YES;
				GCC_WARN_UNINITIALIZED_AUTOS = YES_AGGRESSIVE;
				GCC_WARN_UNUSED_FUNCTION = YES;
				GCC_WARN_UNUSED_VARIABLE = YES;
				IPHONEOS_DEPLOYMENT_TARGET = 7.0;
				MTL_ENABLE_DEBUG_INFO = YES;
				ONLY_ACTIVE_ARCH = YES;
				SDKROOT = iphoneos;
			};
			name = Debug;
		};
		195C56281CFF01C400F61FB7 /* Release */ = {
			isa = XCBuildConfiguration;
			buildSettings = {
				ALWAYS_SEARCH_USER_PATHS = NO;
				CLANG_ANALYZER_NONNULL = YES;
				CLANG_CXX_LANGUAGE_STANDARD = "gnu++0x";
				CLANG_CXX_LIBRARY = "libc++";
				CLANG_ENABLE_MODULES = YES;
				CLANG_ENABLE_OBJC_ARC = YES;
				CLANG_WARN_BOOL_CONVERSION = YES;
				CLANG_WARN_CONSTANT_CONVERSION = YES;
				CLANG_WARN_DIRECT_OBJC_ISA_USAGE = YES_ERROR;
				CLANG_WARN_EMPTY_BODY = YES;
				CLANG_WARN_ENUM_CONVERSION = YES;
				CLANG_WARN_INT_CONVERSION = YES;
				CLANG_WARN_OBJC_ROOT_CLASS = YES_ERROR;
				CLANG_WARN_UNREACHABLE_CODE = YES;
				CLANG_WARN__DUPLICATE_METHOD_MATCH = YES;
				"CODE_SIGN_IDENTITY[sdk=iphoneos*]" = "iPhone Developer";
				COPY_PHASE_STRIP = NO;
				DEBUG_INFORMATION_FORMAT = "dwarf-with-dsym";
				ENABLE_NS_ASSERTIONS = NO;
				ENABLE_STRICT_OBJC_MSGSEND = YES;
				GCC_C_LANGUAGE_STANDARD = gnu99;
				GCC_NO_COMMON_BLOCKS = YES;
				GCC_WARN_64_TO_32_BIT_CONVERSION = YES;
				GCC_WARN_ABOUT_RETURN_TYPE = YES_ERROR;
				GCC_WARN_UNDECLARED_SELECTOR = YES;
				GCC_WARN_UNINITIALIZED_AUTOS = YES_AGGRESSIVE;
				GCC_WARN_UNUSED_FUNCTION = YES;
				GCC_WARN_UNUSED_VARIABLE = YES;
				IPHONEOS_DEPLOYMENT_TARGET = 7.0;
				MTL_ENABLE_DEBUG_INFO = NO;
				SDKROOT = iphoneos;
				VALIDATE_PRODUCT = YES;
			};
			name = Release;
		};
		195C562A1CFF01C400F61FB7 /* Debug */ = {
			isa = XCBuildConfiguration;
			baseConfigurationReference = 6487FEB2D5B0102F200327B2 /* Pods-SANetworkDemo.debug.xcconfig */;
			buildSettings = {
				ASSETCATALOG_COMPILER_APPICON_NAME = AppIcon;
				CODE_SIGN_IDENTITY = "iPhone Developer";
				"CODE_SIGN_IDENTITY[sdk=iphoneos*]" = "iPhone Developer";
				INFOPLIST_FILE = SANetworkDemo/Info.plist;
				IPHONEOS_DEPLOYMENT_TARGET = 7.0;
				LD_RUNPATH_SEARCH_PATHS = "$(inherited) @executable_path/Frameworks";
				PRODUCT_BUNDLE_IDENTIFIER = com.xuebao.SANetworkDemo;
				PRODUCT_NAME = SANetworkDemo;
				PROVISIONING_PROFILE = "";
			};
			name = Debug;
		};
		195C562B1CFF01C400F61FB7 /* Release */ = {
			isa = XCBuildConfiguration;
			baseConfigurationReference = 1CEAA5CB08944AF4CEEE257D /* Pods-SANetworkDemo.release.xcconfig */;
			buildSettings = {
				ASSETCATALOG_COMPILER_APPICON_NAME = AppIcon;
				CODE_SIGN_IDENTITY = "iPhone Developer";
				"CODE_SIGN_IDENTITY[sdk=iphoneos*]" = "iPhone Developer";
				INFOPLIST_FILE = SANetworkDemo/Info.plist;
				IPHONEOS_DEPLOYMENT_TARGET = 7.0;
				LD_RUNPATH_SEARCH_PATHS = "$(inherited) @executable_path/Frameworks";
				PRODUCT_BUNDLE_IDENTIFIER = com.xuebao.SANetworkDemo;
				PRODUCT_NAME = SANetworkDemo;
				PROVISIONING_PROFILE = "";
			};
			name = Release;
		};
		195C562D1CFF01C400F61FB7 /* Debug */ = {
			isa = XCBuildConfiguration;
			buildSettings = {
				BUNDLE_LOADER = "$(TEST_HOST)";
				HEADER_SEARCH_PATHS = (
					"$(inherited)",
					"\"${PODS_ROOT}/Headers/Public\"",
					"\"${PODS_ROOT}/Headers/Public/AFNetworking\"",
					"\"${PODS_ROOT}/Headers/Public/MBProgressHUD\"",
					"\"${PODS_ROOT}/Headers/Public/MJRefresh\"",
					"\"${PODS_ROOT}/Headers/Public/PINCache\"",
					"\"${PODS_ROOT}/Headers/Public/YYModel\"",
				);
				INFOPLIST_FILE = SANetworkDemoTests/Info.plist;
				LD_RUNPATH_SEARCH_PATHS = "$(inherited) @executable_path/Frameworks @loader_path/Frameworks";
				LIBRARY_SEARCH_PATHS = (
					"$(inherited)",
					"$(PROJECT_DIR)/build/Debug-iphoneos/AFNetworking",
				);
				PODS_ROOT = "${SRCROOT}/Pods";
				PRODUCT_BUNDLE_IDENTIFIER = com.xuebao.SANetworkDemoTests;
				PRODUCT_NAME = SANetworkDemo;
				TEST_HOST = "$(BUILT_PRODUCTS_DIR)/SANetworkDemo.app/SANetworkDemo";
			};
			name = Debug;
		};
		195C562E1CFF01C400F61FB7 /* Release */ = {
			isa = XCBuildConfiguration;
			buildSettings = {
				BUNDLE_LOADER = "$(TEST_HOST)";
				HEADER_SEARCH_PATHS = (
					"$(inherited)",
					"\"${PODS_ROOT}/Headers/Public\"",
					"\"${PODS_ROOT}/Headers/Public/AFNetworking\"",
					"\"${PODS_ROOT}/Headers/Public/MBProgressHUD\"",
					"\"${PODS_ROOT}/Headers/Public/MJRefresh\"",
					"\"${PODS_ROOT}/Headers/Public/PINCache\"",
					"\"${PODS_ROOT}/Headers/Public/YYModel\"",
				);
				INFOPLIST_FILE = SANetworkDemoTests/Info.plist;
				LD_RUNPATH_SEARCH_PATHS = "$(inherited) @executable_path/Frameworks @loader_path/Frameworks";
				LIBRARY_SEARCH_PATHS = (
					"$(inherited)",
					"$(PROJECT_DIR)/build/Debug-iphoneos/AFNetworking",
				);
				PODS_ROOT = "${SRCROOT}/Pods";
				PRODUCT_BUNDLE_IDENTIFIER = com.xuebao.SANetworkDemoTests;
				PRODUCT_NAME = SANetworkDemo;
				TEST_HOST = "$(BUILT_PRODUCTS_DIR)/SANetworkDemo.app/SANetworkDemo";
			};
			name = Release;
		};
/* End XCBuildConfiguration section */

/* Begin XCConfigurationList section */
		195C56021CFF01C400F61FB7 /* Build configuration list for PBXProject "SANetworkDemo" */ = {
			isa = XCConfigurationList;
			buildConfigurations = (
				195C56271CFF01C400F61FB7 /* Debug */,
				195C56281CFF01C400F61FB7 /* Release */,
			);
			defaultConfigurationIsVisible = 0;
			defaultConfigurationName = Release;
		};
		195C56291CFF01C400F61FB7 /* Build configuration list for PBXNativeTarget "SANetworkDemo" */ = {
			isa = XCConfigurationList;
			buildConfigurations = (
				195C562A1CFF01C400F61FB7 /* Debug */,
				195C562B1CFF01C400F61FB7 /* Release */,
			);
			defaultConfigurationIsVisible = 0;
			defaultConfigurationName = Release;
		};
		195C562C1CFF01C400F61FB7 /* Build configuration list for PBXNativeTarget "SANetworkDemoTests" */ = {
			isa = XCConfigurationList;
			buildConfigurations = (
				195C562D1CFF01C400F61FB7 /* Debug */,
				195C562E1CFF01C400F61FB7 /* Release */,
			);
			defaultConfigurationIsVisible = 0;
			defaultConfigurationName = Release;
		};
/* End XCConfigurationList section */
	};
	rootObject = 195C55FF1CFF01C400F61FB7 /* Project object */;
}
