// !$*UTF8*$!
{
	archiveVersion = 1;
	classes = {
	};
	objectVersion = 46;
	objects = {

/* Begin PBXAggregateTarget section */
		25F783EB1EEA2C60005D21C1 /* SANetworkDoc */ = {
			isa = PBXAggregateTarget;
			buildConfigurationList = 25F783EC1EEA2C60005D21C1 /* Build configuration list for PBXAggregateTarget "SANetworkDoc" */;
			buildPhases = (
				25F783EF1EEA2C67005D21C1 /* ShellScript */,
			);
			dependencies = (
			);
			name = SANetworkDoc;
			productName = SANetworkDoc;
		};
/* End PBXAggregateTarget section */

/* Begin PBXBuildFile section */
		195C560C1CFF01C400F61FB7 /* main.m in Sources */ = {isa = PBXBuildFile; fileRef = 195C560B1CFF01C400F61FB7 /* main.m */; };
		195C560F1CFF01C400F61FB7 /* AppDelegate.m in Sources */ = {isa = PBXBuildFile; fileRef = 195C560E1CFF01C400F61FB7 /* AppDelegate.m */; };
		195C56121CFF01C400F61FB7 /* ViewController.m in Sources */ = {isa = PBXBuildFile; fileRef = 195C56111CFF01C400F61FB7 /* ViewController.m */; };
		195C56151CFF01C400F61FB7 /* Main.storyboard in Resources */ = {isa = PBXBuildFile; fileRef = 195C56131CFF01C400F61FB7 /* Main.storyboard */; };
		195C56171CFF01C400F61FB7 /* Assets.xcassets in Resources */ = {isa = PBXBuildFile; fileRef = 195C56161CFF01C400F61FB7 /* Assets.xcassets */; };
		195C56341CFF034800F61FB7 /* ExpressRequest.m in Sources */ = {isa = PBXBuildFile; fileRef = 195C56321CFF034800F61FB7 /* ExpressRequest.m */; };
		197B21D41D49A12400A6E3E2 /* Default-568h@2x.png in Resources */ = {isa = PBXBuildFile; fileRef = 197B21D31D49A12400A6E3E2 /* Default-568h@2x.png */; };
		19C9BE2B1D41CE290063D506 /* SANetworkTestCase.m in Sources */ = {isa = PBXBuildFile; fileRef = 19C9BE2A1D41CE290063D506 /* SANetworkTestCase.m */; };
		2568E8CB1EEFB26300C96B1D /* SANetworkRequest.m in Sources */ = {isa = PBXBuildFile; fileRef = 2568E8CA1EEFB26300C96B1D /* SANetworkRequest.m */; };
		2568E8D01EEFB26C00C96B1D /* SANetworkBatchRequest.m in Sources */ = {isa = PBXBuildFile; fileRef = 2568E8CD1EEFB26C00C96B1D /* SANetworkBatchRequest.m */; };
		2568E8D11EEFB26C00C96B1D /* SANetworkChainRequest.m in Sources */ = {isa = PBXBuildFile; fileRef = 2568E8CF1EEFB26C00C96B1D /* SANetworkChainRequest.m */; };
		2568E8D41EEFB27600C96B1D /* SANetworkAgent.m in Sources */ = {isa = PBXBuildFile; fileRef = 2568E8D31EEFB27600C96B1D /* SANetworkAgent.m */; };
		2568E8D71EEFB28100C96B1D /* SANetworkConfig.m in Sources */ = {isa = PBXBuildFile; fileRef = 2568E8D61EEFB28100C96B1D /* SANetworkConfig.m */; };
		2568E8DA1EEFB28A00C96B1D /* SANetworkLogger.m in Sources */ = {isa = PBXBuildFile; fileRef = 2568E8D91EEFB28A00C96B1D /* SANetworkLogger.m */; };
		2568E8E31EEFB2CE00C96B1D /* SANetworkResponse.m in Sources */ = {isa = PBXBuildFile; fileRef = 2568E8E21EEFB2CE00C96B1D /* SANetworkResponse.m */; };
		25CCFBF91EEE470E00B76BA3 /* SATaobaoService.m in Sources */ = {isa = PBXBuildFile; fileRef = 25CCFBF81EEE470E00B76BA3 /* SATaobaoService.m */; };
		25CCFBFC1EEE47F700B76BA3 /* TaobaoSuggestRequest.m in Sources */ = {isa = PBXBuildFile; fileRef = 25CCFBFB1EEE47F700B76BA3 /* TaobaoSuggestRequest.m */; };
		25CCFBFE1EEE58A300B76BA3 /* NetworkSingleRequestTest.m in Sources */ = {isa = PBXBuildFile; fileRef = 25CCFBFD1EEE58A300B76BA3 /* NetworkSingleRequestTest.m */; };
		25CCFC001EEE58BA00B76BA3 /* NetworkBatchRequestTest.m in Sources */ = {isa = PBXBuildFile; fileRef = 25CCFBFF1EEE58BA00B76BA3 /* NetworkBatchRequestTest.m */; };
		25CCFC021EEE58CE00B76BA3 /* NetworkChainRequestTest.m in Sources */ = {isa = PBXBuildFile; fileRef = 25CCFC011EEE58CE00B76BA3 /* NetworkChainRequestTest.m */; };
		25CCFC051EEE703500B76BA3 /* RootViewController.m in Sources */ = {isa = PBXBuildFile; fileRef = 25CCFC041EEE703500B76BA3 /* RootViewController.m */; };
		25CCFC0B1EEF6DA400B76BA3 /* SANetworkHUDAccessory.m in Sources */ = {isa = PBXBuildFile; fileRef = 25CCFC081EEF6DA400B76BA3 /* SANetworkHUDAccessory.m */; };
		25CCFC0C1EEF6DA400B76BA3 /* SANetworkRefreshAccessory.m in Sources */ = {isa = PBXBuildFile; fileRef = 25CCFC0A1EEF6DA400B76BA3 /* SANetworkRefreshAccessory.m */; };
		25F008691EB31B1D00156A32 /* SAExpressService.m in Sources */ = {isa = PBXBuildFile; fileRef = 25F008681EB31B1D00156A32 /* SAExpressService.m */; };
		5B6497926399097DB7F086A6 /* libPods-SANetworkDemo.a in Frameworks */ = {isa = PBXBuildFile; fileRef = AB2528E5815BC4F78DBC14B0 /* libPods-SANetworkDemo.a */; };
		ED1646A47E817E5E972D2183 /* libPods-SANetworkDemoTests.a in Frameworks */ = {isa = PBXBuildFile; fileRef = B551B665D463C0A3FC03AC7D /* libPods-SANetworkDemoTests.a */; };
/* End PBXBuildFile section */

/* Begin PBXContainerItemProxy section */
		25A4FD651EB8656E005D3CC7 /* PBXContainerItemProxy */ = {
			isa = PBXContainerItemProxy;
			containerPortal = 195C55FF1CFF01C400F61FB7 /* Project object */;
			proxyType = 1;
			remoteGlobalIDString = 195C56061CFF01C400F61FB7;
			remoteInfo = SANetworkDemo;
		};
/* End PBXContainerItemProxy section */

/* Begin PBXFileReference section */
		195C56071CFF01C400F61FB7 /* SANetworkDemo.app */ = {isa = PBXFileReference; explicitFileType = wrapper.application; includeInIndex = 0; path = SANetworkDemo.app; sourceTree = BUILT_PRODUCTS_DIR; };
		195C560B1CFF01C400F61FB7 /* main.m */ = {isa = PBXFileReference; lastKnownFileType = sourcecode.c.objc; path = main.m; sourceTree = "<group>"; };
		195C560D1CFF01C400F61FB7 /* AppDelegate.h */ = {isa = PBXFileReference; lastKnownFileType = sourcecode.c.h; path = AppDelegate.h; sourceTree = "<group>"; };
		195C560E1CFF01C400F61FB7 /* AppDelegate.m */ = {isa = PBXFileReference; lastKnownFileType = sourcecode.c.objc; path = AppDelegate.m; sourceTree = "<group>"; };
		195C56101CFF01C400F61FB7 /* ViewController.h */ = {isa = PBXFileReference; lastKnownFileType = sourcecode.c.h; path = ViewController.h; sourceTree = "<group>"; };
		195C56111CFF01C400F61FB7 /* ViewController.m */ = {isa = PBXFileReference; lastKnownFileType = sourcecode.c.objc; path = ViewController.m; sourceTree = "<group>"; };
		195C56141CFF01C400F61FB7 /* Base */ = {isa = PBXFileReference; lastKnownFileType = file.storyboard; name = Base; path = Base.lproj/Main.storyboard; sourceTree = "<group>"; };
		195C56161CFF01C400F61FB7 /* Assets.xcassets */ = {isa = PBXFileReference; lastKnownFileType = folder.assetcatalog; path = Assets.xcassets; sourceTree = "<group>"; };
		195C561B1CFF01C400F61FB7 /* Info.plist */ = {isa = PBXFileReference; lastKnownFileType = text.plist.xml; path = Info.plist; sourceTree = "<group>"; };
		195C56201CFF01C400F61FB7 /* SANetworkDemo.xctest */ = {isa = PBXFileReference; explicitFileType = wrapper.cfbundle; includeInIndex = 0; path = SANetworkDemo.xctest; sourceTree = BUILT_PRODUCTS_DIR; };
		195C56261CFF01C400F61FB7 /* Info.plist */ = {isa = PBXFileReference; lastKnownFileType = text.plist.xml; path = Info.plist; sourceTree = "<group>"; };
		195C56311CFF034800F61FB7 /* ExpressRequest.h */ = {isa = PBXFileReference; fileEncoding = 4; lastKnownFileType = sourcecode.c.h; path = ExpressRequest.h; sourceTree = "<group>"; };
		195C56321CFF034800F61FB7 /* ExpressRequest.m */ = {isa = PBXFileReference; fileEncoding = 4; lastKnownFileType = sourcecode.c.objc; path = ExpressRequest.m; sourceTree = "<group>"; };
		195C56481CFF035F00F61FB7 /* SANetwork.h */ = {isa = PBXFileReference; fileEncoding = 4; lastKnownFileType = sourcecode.c.h; path = SANetwork.h; sourceTree = "<group>"; };
		197B21D31D49A12400A6E3E2 /* Default-568h@2x.png */ = {isa = PBXFileReference; lastKnownFileType = image.png; name = "Default-568h@2x.png"; path = "../Default-568h@2x.png"; sourceTree = "<group>"; };
		19C9BE291D41CE290063D506 /* SANetworkTestCase.h */ = {isa = PBXFileReference; fileEncoding = 4; lastKnownFileType = sourcecode.c.h; path = SANetworkTestCase.h; sourceTree = "<group>"; };
		19C9BE2A1D41CE290063D506 /* SANetworkTestCase.m */ = {isa = PBXFileReference; fileEncoding = 4; lastKnownFileType = sourcecode.c.objc; path = SANetworkTestCase.m; sourceTree = "<group>"; };
		1CEAA5CB08944AF4CEEE257D /* Pods-SANetworkDemo.release.xcconfig */ = {isa = PBXFileReference; includeInIndex = 1; lastKnownFileType = text.xcconfig; name = "Pods-SANetworkDemo.release.xcconfig"; path = "Pods/Target Support Files/Pods-SANetworkDemo/Pods-SANetworkDemo.release.xcconfig"; sourceTree = "<group>"; };
		2568E8C91EEFB26300C96B1D /* SANetworkRequest.h */ = {isa = PBXFileReference; fileEncoding = 4; lastKnownFileType = sourcecode.c.h; path = SANetworkRequest.h; sourceTree = "<group>"; };
		2568E8CA1EEFB26300C96B1D /* SANetworkRequest.m */ = {isa = PBXFileReference; fileEncoding = 4; lastKnownFileType = sourcecode.c.objc; path = SANetworkRequest.m; sourceTree = "<group>"; };
		2568E8CC1EEFB26C00C96B1D /* SANetworkBatchRequest.h */ = {isa = PBXFileReference; fileEncoding = 4; lastKnownFileType = sourcecode.c.h; path = SANetworkBatchRequest.h; sourceTree = "<group>"; };
		2568E8CD1EEFB26C00C96B1D /* SANetworkBatchRequest.m */ = {isa = PBXFileReference; fileEncoding = 4; lastKnownFileType = sourcecode.c.objc; path = SANetworkBatchRequest.m; sourceTree = "<group>"; };
		2568E8CE1EEFB26C00C96B1D /* SANetworkChainRequest.h */ = {isa = PBXFileReference; fileEncoding = 4; lastKnownFileType = sourcecode.c.h; path = SANetworkChainRequest.h; sourceTree = "<group>"; };
		2568E8CF1EEFB26C00C96B1D /* SANetworkChainRequest.m */ = {isa = PBXFileReference; fileEncoding = 4; lastKnownFileType = sourcecode.c.objc; path = SANetworkChainRequest.m; sourceTree = "<group>"; };
		2568E8D21EEFB27600C96B1D /* SANetworkAgent.h */ = {isa = PBXFileReference; fileEncoding = 4; lastKnownFileType = sourcecode.c.h; path = SANetworkAgent.h; sourceTree = "<group>"; };
		2568E8D31EEFB27600C96B1D /* SANetworkAgent.m */ = {isa = PBXFileReference; fileEncoding = 4; lastKnownFileType = sourcecode.c.objc; path = SANetworkAgent.m; sourceTree = "<group>"; };
		2568E8D51EEFB28100C96B1D /* SANetworkConfig.h */ = {isa = PBXFileReference; fileEncoding = 4; lastKnownFileType = sourcecode.c.h; path = SANetworkConfig.h; sourceTree = "<group>"; };
		2568E8D61EEFB28100C96B1D /* SANetworkConfig.m */ = {isa = PBXFileReference; fileEncoding = 4; lastKnownFileType = sourcecode.c.objc; path = SANetworkConfig.m; sourceTree = "<group>"; };
		2568E8D81EEFB28A00C96B1D /* SANetworkLogger.h */ = {isa = PBXFileReference; fileEncoding = 4; lastKnownFileType = sourcecode.c.h; path = SANetworkLogger.h; sourceTree = "<group>"; };
		2568E8D91EEFB28A00C96B1D /* SANetworkLogger.m */ = {isa = PBXFileReference; fileEncoding = 4; lastKnownFileType = sourcecode.c.objc; path = SANetworkLogger.m; sourceTree = "<group>"; };
		2568E8DB1EEFB2A000C96B1D /* SANetworkAccessoryProtocol.h */ = {isa = PBXFileReference; fileEncoding = 4; lastKnownFileType = sourcecode.c.h; path = SANetworkAccessoryProtocol.h; sourceTree = "<group>"; };
		2568E8DC1EEFB2A000C96B1D /* SANetworkInterceptorProtocol.h */ = {isa = PBXFileReference; fileEncoding = 4; lastKnownFileType = sourcecode.c.h; path = SANetworkInterceptorProtocol.h; sourceTree = "<group>"; };
		2568E8DD1EEFB2A000C96B1D /* SANetworkRequestConfigProtocol.h */ = {isa = PBXFileReference; fileEncoding = 4; lastKnownFileType = sourcecode.c.h; path = SANetworkRequestConfigProtocol.h; sourceTree = "<group>"; };
		2568E8DE1EEFB2A000C96B1D /* SANetworkResponseProtocol.h */ = {isa = PBXFileReference; fileEncoding = 4; lastKnownFileType = sourcecode.c.h; path = SANetworkResponseProtocol.h; sourceTree = "<group>"; };
		2568E8DF1EEFB2A000C96B1D /* SANetworkServiceProtocol.h */ = {isa = PBXFileReference; fileEncoding = 4; lastKnownFileType = sourcecode.c.h; path = SANetworkServiceProtocol.h; sourceTree = "<group>"; };
		2568E8E01EEFB2AB00C96B1D /* SANetworkConstant.h */ = {isa = PBXFileReference; fileEncoding = 4; lastKnownFileType = sourcecode.c.h; path = SANetworkConstant.h; sourceTree = "<group>"; };
		2568E8E11EEFB2CE00C96B1D /* SANetworkResponse.h */ = {isa = PBXFileReference; fileEncoding = 4; lastKnownFileType = sourcecode.c.h; path = SANetworkResponse.h; sourceTree = "<group>"; };
		2568E8E21EEFB2CE00C96B1D /* SANetworkResponse.m */ = {isa = PBXFileReference; fileEncoding = 4; lastKnownFileType = sourcecode.c.objc; path = SANetworkResponse.m; sourceTree = "<group>"; };
		25CCFBF71EEE470E00B76BA3 /* SATaobaoService.h */ = {isa = PBXFileReference; fileEncoding = 4; lastKnownFileType = sourcecode.c.h; path = SATaobaoService.h; sourceTree = "<group>"; };
		25CCFBF81EEE470E00B76BA3 /* SATaobaoService.m */ = {isa = PBXFileReference; fileEncoding = 4; lastKnownFileType = sourcecode.c.objc; path = SATaobaoService.m; sourceTree = "<group>"; };
		25CCFBFA1EEE47F700B76BA3 /* TaobaoSuggestRequest.h */ = {isa = PBXFileReference; fileEncoding = 4; lastKnownFileType = sourcecode.c.h; path = TaobaoSuggestRequest.h; sourceTree = "<group>"; };
		25CCFBFB1EEE47F700B76BA3 /* TaobaoSuggestRequest.m */ = {isa = PBXFileReference; fileEncoding = 4; lastKnownFileType = sourcecode.c.objc; path = TaobaoSuggestRequest.m; sourceTree = "<group>"; };
		25CCFBFD1EEE58A300B76BA3 /* NetworkSingleRequestTest.m */ = {isa = PBXFileReference; fileEncoding = 4; lastKnownFileType = sourcecode.c.objc; path = NetworkSingleRequestTest.m; sourceTree = "<group>"; };
		25CCFBFF1EEE58BA00B76BA3 /* NetworkBatchRequestTest.m */ = {isa = PBXFileReference; fileEncoding = 4; lastKnownFileType = sourcecode.c.objc; path = NetworkBatchRequestTest.m; sourceTree = "<group>"; };
		25CCFC011EEE58CE00B76BA3 /* NetworkChainRequestTest.m */ = {isa = PBXFileReference; fileEncoding = 4; lastKnownFileType = sourcecode.c.objc; path = NetworkChainRequestTest.m; sourceTree = "<group>"; };
		25CCFC031EEE703500B76BA3 /* RootViewController.h */ = {isa = PBXFileReference; fileEncoding = 4; lastKnownFileType = sourcecode.c.h; path = RootViewController.h; sourceTree = "<group>"; };
		25CCFC041EEE703500B76BA3 /* RootViewController.m */ = {isa = PBXFileReference; fileEncoding = 4; lastKnownFileType = sourcecode.c.objc; path = RootViewController.m; sourceTree = "<group>"; };
		25CCFC071EEF6DA400B76BA3 /* SANetworkHUDAccessory.h */ = {isa = PBXFileReference; fileEncoding = 4; lastKnownFileType = sourcecode.c.h; path = SANetworkHUDAccessory.h; sourceTree = "<group>"; };
		25CCFC081EEF6DA400B76BA3 /* SANetworkHUDAccessory.m */ = {isa = PBXFileReference; fileEncoding = 4; lastKnownFileType = sourcecode.c.objc; path = SANetworkHUDAccessory.m; sourceTree = "<group>"; };
		25CCFC091EEF6DA400B76BA3 /* SANetworkRefreshAccessory.h */ = {isa = PBXFileReference; fileEncoding = 4; lastKnownFileType = sourcecode.c.h; path = SANetworkRefreshAccessory.h; sourceTree = "<group>"; };
		25CCFC0A1EEF6DA400B76BA3 /* SANetworkRefreshAccessory.m */ = {isa = PBXFileReference; fileEncoding = 4; lastKnownFileType = sourcecode.c.objc; path = SANetworkRefreshAccessory.m; sourceTree = "<group>"; };
		25F008671EB31B1D00156A32 /* SAExpressService.h */ = {isa = PBXFileReference; fileEncoding = 4; lastKnownFileType = sourcecode.c.h; path = SAExpressService.h; sourceTree = "<group>"; };
		25F008681EB31B1D00156A32 /* SAExpressService.m */ = {isa = PBXFileReference; fileEncoding = 4; lastKnownFileType = sourcecode.c.objc; path = SAExpressService.m; sourceTree = "<group>"; };
		25F783F71EEA9B60005D21C1 /* SANetworkConstant.h */ = {isa = PBXFileReference; fileEncoding = 4; lastKnownFileType = sourcecode.c.h; path = SANetworkConstant.h; sourceTree = "<group>"; };
		548C59999037E9BFAC0EC6E0 /* Pods-SANetworkDemoTests.debug.xcconfig */ = {isa = PBXFileReference; includeInIndex = 1; lastKnownFileType = text.xcconfig; name = "Pods-SANetworkDemoTests.debug.xcconfig"; path = "Pods/Target Support Files/Pods-SANetworkDemoTests/Pods-SANetworkDemoTests.debug.xcconfig"; sourceTree = "<group>"; };
		6487FEB2D5B0102F200327B2 /* Pods-SANetworkDemo.debug.xcconfig */ = {isa = PBXFileReference; includeInIndex = 1; lastKnownFileType = text.xcconfig; name = "Pods-SANetworkDemo.debug.xcconfig"; path = "Pods/Target Support Files/Pods-SANetworkDemo/Pods-SANetworkDemo.debug.xcconfig"; sourceTree = "<group>"; };
		AB2528E5815BC4F78DBC14B0 /* libPods-SANetworkDemo.a */ = {isa = PBXFileReference; explicitFileType = archive.ar; includeInIndex = 0; path = "libPods-SANetworkDemo.a"; sourceTree = BUILT_PRODUCTS_DIR; };
		B551B665D463C0A3FC03AC7D /* libPods-SANetworkDemoTests.a */ = {isa = PBXFileReference; explicitFileType = archive.ar; includeInIndex = 0; path = "libPods-SANetworkDemoTests.a"; sourceTree = BUILT_PRODUCTS_DIR; };
		B7172133E451FD1D823E6190 /* Pods-SANetworkDemoTests.release.xcconfig */ = {isa = PBXFileReference; includeInIndex = 1; lastKnownFileType = text.xcconfig; name = "Pods-SANetworkDemoTests.release.xcconfig"; path = "Pods/Target Support Files/Pods-SANetworkDemoTests/Pods-SANetworkDemoTests.release.xcconfig"; sourceTree = "<group>"; };
/* End PBXFileReference section */

/* Begin PBXFrameworksBuildPhase section */
		195C56041CFF01C400F61FB7 /* Frameworks */ = {
			isa = PBXFrameworksBuildPhase;
			buildActionMask = 2147483647;
			files = (
				5B6497926399097DB7F086A6 /* libPods-SANetworkDemo.a in Frameworks */,
			);
			runOnlyForDeploymentPostprocessing = 0;
		};
		195C561D1CFF01C400F61FB7 /* Frameworks */ = {
			isa = PBXFrameworksBuildPhase;
			buildActionMask = 2147483647;
			files = (
				ED1646A47E817E5E972D2183 /* libPods-SANetworkDemoTests.a in Frameworks */,
			);
			runOnlyForDeploymentPostprocessing = 0;
		};
/* End PBXFrameworksBuildPhase section */

/* Begin PBXGroup section */
		12F65058974E7240CCEC274F /* Frameworks */ = {
			isa = PBXGroup;
			children = (
				AB2528E5815BC4F78DBC14B0 /* libPods-SANetworkDemo.a */,
				B551B665D463C0A3FC03AC7D /* libPods-SANetworkDemoTests.a */,
			);
			name = Frameworks;
			sourceTree = "<group>";
		};
		195C55FE1CFF01C400F61FB7 = {
			isa = PBXGroup;
			children = (
				25CCFC061EEF6DA400B76BA3 /* SANetworkAccessory */,
				195C56441CFF035F00F61FB7 /* SANetwork */,
				195C56091CFF01C400F61FB7 /* SANetworkDemo */,
				195C56231CFF01C400F61FB7 /* SANetworkDemoTests */,
				195C56081CFF01C400F61FB7 /* Products */,
				A31B366D16F4DB9DBEEC4CAA /* Pods */,
				12F65058974E7240CCEC274F /* Frameworks */,
			);
			sourceTree = "<group>";
		};
		195C56081CFF01C400F61FB7 /* Products */ = {
			isa = PBXGroup;
			children = (
				195C56071CFF01C400F61FB7 /* SANetworkDemo.app */,
				195C56201CFF01C400F61FB7 /* SANetworkDemo.xctest */,
			);
			name = Products;
			sourceTree = "<group>";
		};
		195C56091CFF01C400F61FB7 /* SANetworkDemo */ = {
			isa = PBXGroup;
			children = (
				195C560D1CFF01C400F61FB7 /* AppDelegate.h */,
				195C560E1CFF01C400F61FB7 /* AppDelegate.m */,
				25CCFC031EEE703500B76BA3 /* RootViewController.h */,
				25CCFC041EEE703500B76BA3 /* RootViewController.m */,
				195C56101CFF01C400F61FB7 /* ViewController.h */,
				195C56111CFF01C400F61FB7 /* ViewController.m */,
				25CCFBF71EEE470E00B76BA3 /* SATaobaoService.h */,
				25CCFBF81EEE470E00B76BA3 /* SATaobaoService.m */,
				25CCFBFA1EEE47F700B76BA3 /* TaobaoSuggestRequest.h */,
				25CCFBFB1EEE47F700B76BA3 /* TaobaoSuggestRequest.m */,
				25F008671EB31B1D00156A32 /* SAExpressService.h */,
				25F008681EB31B1D00156A32 /* SAExpressService.m */,
				195C56311CFF034800F61FB7 /* ExpressRequest.h */,
				195C56321CFF034800F61FB7 /* ExpressRequest.m */,
				195C56131CFF01C400F61FB7 /* Main.storyboard */,
				195C56161CFF01C400F61FB7 /* Assets.xcassets */,
				195C561B1CFF01C400F61FB7 /* Info.plist */,
				195C560A1CFF01C400F61FB7 /* Supporting Files */,
			);
			path = SANetworkDemo;
			sourceTree = "<group>";
		};
		195C560A1CFF01C400F61FB7 /* Supporting Files */ = {
			isa = PBXGroup;
			children = (
				197B21D31D49A12400A6E3E2 /* Default-568h@2x.png */,
				195C560B1CFF01C400F61FB7 /* main.m */,
			);
			name = "Supporting Files";
			sourceTree = "<group>";
		};
		195C56231CFF01C400F61FB7 /* SANetworkDemoTests */ = {
			isa = PBXGroup;
			children = (
				195C56261CFF01C400F61FB7 /* Info.plist */,
				19C9BE291D41CE290063D506 /* SANetworkTestCase.h */,
				19C9BE2A1D41CE290063D506 /* SANetworkTestCase.m */,
				25CCFBFD1EEE58A300B76BA3 /* NetworkSingleRequestTest.m */,
				25CCFBFF1EEE58BA00B76BA3 /* NetworkBatchRequestTest.m */,
				25CCFC011EEE58CE00B76BA3 /* NetworkChainRequestTest.m */,
			);
			path = SANetworkDemoTests;
			sourceTree = "<group>";
		};
		195C56441CFF035F00F61FB7 /* SANetwork */ = {
			isa = PBXGroup;
			children = (
				195C56481CFF035F00F61FB7 /* SANetwork.h */,
				25F783F71EEA9B60005D21C1 /* SANetworkConstant.h */,
				2568E8D51EEFB28100C96B1D /* SANetworkConfig.h */,
				2568E8D61EEFB28100C96B1D /* SANetworkConfig.m */,
				2568E8D21EEFB27600C96B1D /* SANetworkAgent.h */,
				2568E8D31EEFB27600C96B1D /* SANetworkAgent.m */,
				2568E8C91EEFB26300C96B1D /* SANetworkRequest.h */,
				2568E8CA1EEFB26300C96B1D /* SANetworkRequest.m */,
				2568E8CC1EEFB26C00C96B1D /* SANetworkBatchRequest.h */,
				2568E8CD1EEFB26C00C96B1D /* SANetworkBatchRequest.m */,
				2568E8CE1EEFB26C00C96B1D /* SANetworkChainRequest.h */,
				2568E8CF1EEFB26C00C96B1D /* SANetworkChainRequest.m */,
				2568E8E11EEFB2CE00C96B1D /* SANetworkResponse.h */,
				2568E8E21EEFB2CE00C96B1D /* SANetworkResponse.m */,
				2568E8E01EEFB2AB00C96B1D /* SANetworkConstant.h */,
				2568E8DB1EEFB2A000C96B1D /* SANetworkAccessoryProtocol.h */,
				2568E8DC1EEFB2A000C96B1D /* SANetworkInterceptorProtocol.h */,
				2568E8DD1EEFB2A000C96B1D /* SANetworkRequestConfigProtocol.h */,
				2568E8DE1EEFB2A000C96B1D /* SANetworkResponseProtocol.h */,
				2568E8DF1EEFB2A000C96B1D /* SANetworkServiceProtocol.h */,
				2568E8D81EEFB28A00C96B1D /* SANetworkLogger.h */,
				2568E8D91EEFB28A00C96B1D /* SANetworkLogger.m */,
			);
			path = SANetwork;
			sourceTree = "<group>";
		};
		25CCFC061EEF6DA400B76BA3 /* SANetworkAccessory */ = {
			isa = PBXGroup;
			children = (
				25CCFC071EEF6DA400B76BA3 /* SANetworkHUDAccessory.h */,
				25CCFC081EEF6DA400B76BA3 /* SANetworkHUDAccessory.m */,
				25CCFC091EEF6DA400B76BA3 /* SANetworkRefreshAccessory.h */,
				25CCFC0A1EEF6DA400B76BA3 /* SANetworkRefreshAccessory.m */,
			);
			path = SANetworkAccessory;
			sourceTree = "<group>";
		};
		A31B366D16F4DB9DBEEC4CAA /* Pods */ = {
			isa = PBXGroup;
			children = (
				6487FEB2D5B0102F200327B2 /* Pods-SANetworkDemo.debug.xcconfig */,
				1CEAA5CB08944AF4CEEE257D /* Pods-SANetworkDemo.release.xcconfig */,
				548C59999037E9BFAC0EC6E0 /* Pods-SANetworkDemoTests.debug.xcconfig */,
				B7172133E451FD1D823E6190 /* Pods-SANetworkDemoTests.release.xcconfig */,
			);
			name = Pods;
			sourceTree = "<group>";
		};
/* End PBXGroup section */

/* Begin PBXNativeTarget section */
		195C56061CFF01C400F61FB7 /* SANetworkDemo */ = {
			isa = PBXNativeTarget;
			buildConfigurationList = 195C56291CFF01C400F61FB7 /* Build configuration list for PBXNativeTarget "SANetworkDemo" */;
			buildPhases = (
				737E17C7C774D55B4D3B9686 /* [CP] Check Pods Manifest.lock */,
				195C56031CFF01C400F61FB7 /* Sources */,
				195C56041CFF01C400F61FB7 /* Frameworks */,
				195C56051CFF01C400F61FB7 /* Resources */,
				FC5F28C90A9318ABB4F96AB2 /* [CP] Embed Pods Frameworks */,
				87367B2A42FCEE553C88BF3F /* [CP] Copy Pods Resources */,
			);
			buildRules = (
			);
			dependencies = (
			);
			name = SANetworkDemo;
			productName = SANetworkDemo;
			productReference = 195C56071CFF01C400F61FB7 /* SANetworkDemo.app */;
			productType = "com.apple.product-type.application";
		};
		195C561F1CFF01C400F61FB7 /* SANetworkDemoTests */ = {
			isa = PBXNativeTarget;
			buildConfigurationList = 195C562C1CFF01C400F61FB7 /* Build configuration list for PBXNativeTarget "SANetworkDemoTests" */;
			buildPhases = (
				8582E5CBD91B3B5674E8D201 /* [CP] Check Pods Manifest.lock */,
				195C561C1CFF01C400F61FB7 /* Sources */,
				195C561D1CFF01C400F61FB7 /* Frameworks */,
				506C4CBBC3A16E23A1096157 /* [CP] Embed Pods Frameworks */,
				F22C27F0A6EEDB5DCA318B27 /* [CP] Copy Pods Resources */,
			);
			buildRules = (
			);
			dependencies = (
				25A4FD661EB8656E005D3CC7 /* PBXTargetDependency */,
			);
			name = SANetworkDemoTests;
			productName = SANetworkDemoTests;
			productReference = 195C56201CFF01C400F61FB7 /* SANetworkDemo.xctest */;
			productType = "com.apple.product-type.bundle.unit-test";
		};
/* End PBXNativeTarget section */

/* Begin PBXProject section */
		195C55FF1CFF01C400F61FB7 /* Project object */ = {
			isa = PBXProject;
			attributes = {
				LastUpgradeCheck = 0730;
				ORGANIZATIONNAME = "学宝工作室";
				TargetAttributes = {
					195C56061CFF01C400F61FB7 = {
						CreatedOnToolsVersion = 7.3.1;
						DevelopmentTeam = XDK267KQ83;
						ProvisioningStyle = Manual;
					};
					195C561F1CFF01C400F61FB7 = {
						CreatedOnToolsVersion = 7.3.1;
						DevelopmentTeam = XDK267KQ83;
						ProvisioningStyle = Manual;
						TestTargetID = 195C56061CFF01C400F61FB7;
					};
					25F783EB1EEA2C60005D21C1 = {
						CreatedOnToolsVersion = 8.3.2;
						ProvisioningStyle = Automatic;
					};
				};
			};
			buildConfigurationList = 195C56021CFF01C400F61FB7 /* Build configuration list for PBXProject "SANetworkDemo" */;
			compatibilityVersion = "Xcode 3.2";
			developmentRegion = English;
			hasScannedForEncodings = 0;
			knownRegions = (
				en,
				Base,
			);
			mainGroup = 195C55FE1CFF01C400F61FB7;
			productRefGroup = 195C56081CFF01C400F61FB7 /* Products */;
			projectDirPath = "";
			projectRoot = "";
			targets = (
				195C56061CFF01C400F61FB7 /* SANetworkDemo */,
				195C561F1CFF01C400F61FB7 /* SANetworkDemoTests */,
				25F783EB1EEA2C60005D21C1 /* SANetworkDoc */,
			);
		};
/* End PBXProject section */

/* Begin PBXResourcesBuildPhase section */
		195C56051CFF01C400F61FB7 /* Resources */ = {
			isa = PBXResourcesBuildPhase;
			buildActionMask = 2147483647;
			files = (
				197B21D41D49A12400A6E3E2 /* Default-568h@2x.png in Resources */,
				195C56171CFF01C400F61FB7 /* Assets.xcassets in Resources */,
				195C56151CFF01C400F61FB7 /* Main.storyboard in Resources */,
			);
			runOnlyForDeploymentPostprocessing = 0;
		};
/* End PBXResourcesBuildPhase section */

/* Begin PBXShellScriptBuildPhase section */
		25F783EF1EEA2C67005D21C1 /* ShellScript */ = {
			isa = PBXShellScriptBuildPhase;
			buildActionMask = 2147483647;
			files = (
			);
			inputPaths = (
			);
			outputPaths = (
			);
			runOnlyForDeploymentPostprocessing = 0;
			shellPath = /bin/sh;
			shellScript = "#appledoc Xcode script\n# Start constants\ncompany=\"浙江网仓科技有限公司\";\ncompanyID=\"com.wwwarehouse\";\ncompanyURL=\"http://www.wwwarehouse.com/\";\ntarget=\"iphoneos\";\n#target=\"macosx\";\noutputPath=\"${PROJECT_DIR}/Doc\";\n# End constants\n/usr/local/bin/appledoc \\\n--project-name \"${PROJECT_NAME}\" \\\n--project-company \"${company}\" \\\n--company-id \"${companyID}\" \\\n--docset-atom-filename \"${company}.atom\" \\\n--docset-feed-url \"${companyURL}/${company}/%DOCSETATOMFILENAME\" \\\n--docset-package-url \"${companyURL}/${company}/%DOCSETPACKAGEFILENAME\" \\\n--docset-fallback-url \"${companyURL}/${company}\" \\\n--output \"${outputPath}\" \\\n--publish-docset \\\n--docset-platform-family \"${target}\" \\\n--logformat xcode \\\n--keep-intermediate-files \\\n--no-repeat-first-par \\\n--no-warn-invalid-crossref \\\n--exit-threshold 2 \\\n\"${PROJECT_DIR}/SANetwork\"";
		};
		506C4CBBC3A16E23A1096157 /* [CP] Embed Pods Frameworks */ = {
			isa = PBXShellScriptBuildPhase;
			buildActionMask = 2147483647;
			files = (
			);
			inputPaths = (
			);
			name = "[CP] Embed Pods Frameworks";
			outputPaths = (
			);
			runOnlyForDeploymentPostprocessing = 0;
			shellPath = /bin/sh;
			shellScript = "\"${SRCROOT}/Pods/Target Support Files/Pods-SANetworkDemoTests/Pods-SANetworkDemoTests-frameworks.sh\"\n";
			showEnvVarsInLog = 0;
		};
		737E17C7C774D55B4D3B9686 /* [CP] Check Pods Manifest.lock */ = {
			isa = PBXShellScriptBuildPhase;
			buildActionMask = 2147483647;
			files = (
			);
			inputPaths = (
			);
			name = "[CP] Check Pods Manifest.lock";
			outputPaths = (
			);
			runOnlyForDeploymentPostprocessing = 0;
			shellPath = /bin/sh;
			shellScript = "diff \"${PODS_ROOT}/../Podfile.lock\" \"${PODS_ROOT}/Manifest.lock\" > /dev/null\nif [ $? != 0 ] ; then\n    # print error to STDERR\n    echo \"error: The sandbox is not in sync with the Podfile.lock. Run 'pod install' or update your CocoaPods installation.\" >&2\n    exit 1\nfi\n";
			showEnvVarsInLog = 0;
		};
		8582E5CBD91B3B5674E8D201 /* [CP] Check Pods Manifest.lock */ = {
			isa = PBXShellScriptBuildPhase;
			buildActionMask = 2147483647;
			files = (
			);
			inputPaths = (
			);
			name = "[CP] Check Pods Manifest.lock";
			outputPaths = (
			);
			runOnlyForDeploymentPostprocessing = 0;
			shellPath = /bin/sh;
			shellScript = "diff \"${PODS_ROOT}/../Podfile.lock\" \"${PODS_ROOT}/Manifest.lock\" > /dev/null\nif [ $? != 0 ] ; then\n    # print error to STDERR\n    echo \"error: The sandbox is not in sync with the Podfile.lock. Run 'pod install' or update your CocoaPods installation.\" >&2\n    exit 1\nfi\n";
			showEnvVarsInLog = 0;
		};
		87367B2A42FCEE553C88BF3F /* [CP] Copy Pods Resources */ = {
			isa = PBXShellScriptBuildPhase;
			buildActionMask = 2147483647;
			files = (
			);
			inputPaths = (
			);
			name = "[CP] Copy Pods Resources";
			outputPaths = (
			);
			runOnlyForDeploymentPostprocessing = 0;
			shellPath = /bin/sh;
			shellScript = "\"${SRCROOT}/Pods/Target Support Files/Pods-SANetworkDemo/Pods-SANetworkDemo-resources.sh\"\n";
			showEnvVarsInLog = 0;
		};
		F22C27F0A6EEDB5DCA318B27 /* [CP] Copy Pods Resources */ = {
			isa = PBXShellScriptBuildPhase;
			buildActionMask = 2147483647;
			files = (
			);
			inputPaths = (
			);
			name = "[CP] Copy Pods Resources";
			outputPaths = (
			);
			runOnlyForDeploymentPostprocessing = 0;
			shellPath = /bin/sh;
			shellScript = "\"${SRCROOT}/Pods/Target Support Files/Pods-SANetworkDemoTests/Pods-SANetworkDemoTests-resources.sh\"\n";
			showEnvVarsInLog = 0;
		};
		FC5F28C90A9318ABB4F96AB2 /* [CP] Embed Pods Frameworks */ = {
			isa = PBXShellScriptBuildPhase;
			buildActionMask = 2147483647;
			files = (
			);
			inputPaths = (
			);
			name = "[CP] Embed Pods Frameworks";
			outputPaths = (
			);
			runOnlyForDeploymentPostprocessing = 0;
			shellPath = /bin/sh;
			shellScript = "\"${SRCROOT}/Pods/Target Support Files/Pods-SANetworkDemo/Pods-SANetworkDemo-frameworks.sh\"\n";
			showEnvVarsInLog = 0;
		};
/* End PBXShellScriptBuildPhase section */

/* Begin PBXSourcesBuildPhase section */
		195C56031CFF01C400F61FB7 /* Sources */ = {
			isa = PBXSourcesBuildPhase;
			buildActionMask = 2147483647;
			files = (
				25CCFC0C1EEF6DA400B76BA3 /* SANetworkRefreshAccessory.m in Sources */,
				195C56121CFF01C400F61FB7 /* ViewController.m in Sources */,
				2568E8CB1EEFB26300C96B1D /* SANetworkRequest.m in Sources */,
				2568E8E31EEFB2CE00C96B1D /* SANetworkResponse.m in Sources */,
				195C560F1CFF01C400F61FB7 /* AppDelegate.m in Sources */,
				2568E8D71EEFB28100C96B1D /* SANetworkConfig.m in Sources */,
				25CCFBFC1EEE47F700B76BA3 /* TaobaoSuggestRequest.m in Sources */,
				2568E8D11EEFB26C00C96B1D /* SANetworkChainRequest.m in Sources */,
				2568E8D41EEFB27600C96B1D /* SANetworkAgent.m in Sources */,
				25F008691EB31B1D00156A32 /* SAExpressService.m in Sources */,
				195C56341CFF034800F61FB7 /* ExpressRequest.m in Sources */,
				2568E8DA1EEFB28A00C96B1D /* SANetworkLogger.m in Sources */,
				25CCFC051EEE703500B76BA3 /* RootViewController.m in Sources */,
				195C560C1CFF01C400F61FB7 /* main.m in Sources */,
				25CCFC0B1EEF6DA400B76BA3 /* SANetworkHUDAccessory.m in Sources */,
				25CCFBF91EEE470E00B76BA3 /* SATaobaoService.m in Sources */,
				2568E8D01EEFB26C00C96B1D /* SANetworkBatchRequest.m in Sources */,
			);
			runOnlyForDeploymentPostprocessing = 0;
		};
		195C561C1CFF01C400F61FB7 /* Sources */ = {
			isa = PBXSourcesBuildPhase;
			buildActionMask = 2147483647;
			files = (
				25CCFC021EEE58CE00B76BA3 /* NetworkChainRequestTest.m in Sources */,
				19C9BE2B1D41CE290063D506 /* SANetworkTestCase.m in Sources */,
				25CCFC001EEE58BA00B76BA3 /* NetworkBatchRequestTest.m in Sources */,
				25CCFBFE1EEE58A300B76BA3 /* NetworkSingleRequestTest.m in Sources */,
			);
			runOnlyForDeploymentPostprocessing = 0;
		};
/* End PBXSourcesBuildPhase section */

/* Begin PBXTargetDependency section */
		25A4FD661EB8656E005D3CC7 /* PBXTargetDependency */ = {
			isa = PBXTargetDependency;
			target = 195C56061CFF01C400F61FB7 /* SANetworkDemo */;
			targetProxy = 25A4FD651EB8656E005D3CC7 /* PBXContainerItemProxy */;
		};
/* End PBXTargetDependency section */

/* Begin PBXVariantGroup section */
		195C56131CFF01C400F61FB7 /* Main.storyboard */ = {
			isa = PBXVariantGroup;
			children = (
				195C56141CFF01C400F61FB7 /* Base */,
			);
			name = Main.storyboard;
			sourceTree = "<group>";
		};
/* End PBXVariantGroup section */

/* Begin XCBuildConfiguration section */
		195C56271CFF01C400F61FB7 /* Debug */ = {
			isa = XCBuildConfiguration;
			buildSettings = {
				ALWAYS_SEARCH_USER_PATHS = NO;
				CLANG_ANALYZER_NONNULL = YES;
				CLANG_CXX_LANGUAGE_STANDARD = "gnu++0x";
				CLANG_CXX_LIBRARY = "libc++";
				CLANG_ENABLE_MODULES = YES;
				CLANG_ENABLE_OBJC_ARC = YES;
				CLANG_WARN_BOOL_CONVERSION = YES;
				CLANG_WARN_CONSTANT_CONVERSION = YES;
				CLANG_WARN_DIRECT_OBJC_ISA_USAGE = YES_ERROR;
				CLANG_WARN_EMPTY_BODY = YES;
				CLANG_WARN_ENUM_CONVERSION = YES;
				CLANG_WARN_INT_CONVERSION = YES;
				CLANG_WARN_OBJC_ROOT_CLASS = YES_ERROR;
				CLANG_WARN_UNREACHABLE_CODE = YES;
				CLANG_WARN__DUPLICATE_METHOD_MATCH = YES;
				"CODE_SIGN_IDENTITY[sdk=iphoneos*]" = "iPhone Developer";
				COPY_PHASE_STRIP = NO;
				DEBUG_INFORMATION_FORMAT = dwarf;
				ENABLE_STRICT_OBJC_MSGSEND = YES;
				ENABLE_TESTABILITY = YES;
				GCC_C_LANGUAGE_STANDARD = gnu99;
				GCC_DYNAMIC_NO_PIC = NO;
				GCC_NO_COMMON_BLOCKS = YES;
				GCC_OPTIMIZATION_LEVEL = 0;
				GCC_PREPROCESSOR_DEFINITIONS = (
					"DEBUG=1",
					"$(inherited)",
				);
				GCC_WARN_64_TO_32_BIT_CONVERSION = YES;
				GCC_WARN_ABOUT_RETURN_TYPE = YES_ERROR;
				GCC_WARN_UNDECLARED_SELECTOR = YES;
				GCC_WARN_UNINITIALIZED_AUTOS = YES_AGGRESSIVE;
				GCC_WARN_UNUSED_FUNCTION = YES;
				GCC_WARN_UNUSED_VARIABLE = YES;
				IPHONEOS_DEPLOYMENT_TARGET = 8.0;
				MTL_ENABLE_DEBUG_INFO = YES;
				ONLY_ACTIVE_ARCH = YES;
				SDKROOT = iphoneos;
			};
			name = Debug;
		};
		195C56281CFF01C400F61FB7 /* Release */ = {
			isa = XCBuildConfiguration;
			buildSettings = {
				ALWAYS_SEARCH_USER_PATHS = NO;
				CLANG_ANALYZER_NONNULL = YES;
				CLANG_CXX_LANGUAGE_STANDARD = "gnu++0x";
				CLANG_CXX_LIBRARY = "libc++";
				CLANG_ENABLE_MODULES = YES;
				CLANG_ENABLE_OBJC_ARC = YES;
				CLANG_WARN_BOOL_CONVERSION = YES;
				CLANG_WARN_CONSTANT_CONVERSION = YES;
				CLANG_WARN_DIRECT_OBJC_ISA_USAGE = YES_ERROR;
				CLANG_WARN_EMPTY_BODY = YES;
				CLANG_WARN_ENUM_CONVERSION = YES;
				CLANG_WARN_INT_CONVERSION = YES;
				CLANG_WARN_OBJC_ROOT_CLASS = YES_ERROR;
				CLANG_WARN_UNREACHABLE_CODE = YES;
				CLANG_WARN__DUPLICATE_METHOD_MATCH = YES;
				"CODE_SIGN_IDENTITY[sdk=iphoneos*]" = "iPhone Developer";
				COPY_PHASE_STRIP = NO;
				DEBUG_INFORMATION_FORMAT = "dwarf-with-dsym";
				ENABLE_NS_ASSERTIONS = NO;
				ENABLE_STRICT_OBJC_MSGSEND = YES;
				GCC_C_LANGUAGE_STANDARD = gnu99;
				GCC_NO_COMMON_BLOCKS = YES;
				GCC_WARN_64_TO_32_BIT_CONVERSION = YES;
				GCC_WARN_ABOUT_RETURN_TYPE = YES_ERROR;
				GCC_WARN_UNDECLARED_SELECTOR = YES;
				GCC_WARN_UNINITIALIZED_AUTOS = YES_AGGRESSIVE;
				GCC_WARN_UNUSED_FUNCTION = YES;
				GCC_WARN_UNUSED_VARIABLE = YES;
				IPHONEOS_DEPLOYMENT_TARGET = 8.0;
				MTL_ENABLE_DEBUG_INFO = NO;
				SDKROOT = iphoneos;
				VALIDATE_PRODUCT = YES;
			};
			name = Release;
		};
		195C562A1CFF01C400F61FB7 /* Debug */ = {
			isa = XCBuildConfiguration;
			baseConfigurationReference = 6487FEB2D5B0102F200327B2 /* Pods-SANetworkDemo.debug.xcconfig */;
			buildSettings = {
				ASSETCATALOG_COMPILER_APPICON_NAME = AppIcon;
				CODE_SIGN_IDENTITY = "iPhone Developer";
				"CODE_SIGN_IDENTITY[sdk=iphoneos*]" = "iPhone Developer";
				DEVELOPMENT_TEAM = XDK267KQ83;
				INFOPLIST_FILE = SANetworkDemo/Info.plist;
				IPHONEOS_DEPLOYMENT_TARGET = 8.0;
				LD_RUNPATH_SEARCH_PATHS = "$(inherited) @executable_path/Frameworks";
				PRODUCT_BUNDLE_IDENTIFIER = com.xuebao.SANetworkDemo;
				PRODUCT_NAME = SANetworkDemo;
				PROVISIONING_PROFILE = "77f0e1f5-41af-44ef-975e-38903d34a039";
				PROVISIONING_PROFILE_SPECIFIER = "match Development *";
			};
			name = Debug;
		};
		195C562B1CFF01C400F61FB7 /* Release */ = {
			isa = XCBuildConfiguration;
			baseConfigurationReference = 1CEAA5CB08944AF4CEEE257D /* Pods-SANetworkDemo.release.xcconfig */;
			buildSettings = {
				ASSETCATALOG_COMPILER_APPICON_NAME = AppIcon;
				CODE_SIGN_IDENTITY = "iPhone Developer";
				"CODE_SIGN_IDENTITY[sdk=iphoneos*]" = "iPhone Developer";
				DEVELOPMENT_TEAM = "";
				INFOPLIST_FILE = SANetworkDemo/Info.plist;
				IPHONEOS_DEPLOYMENT_TARGET = 8.0;
				LD_RUNPATH_SEARCH_PATHS = "$(inherited) @executable_path/Frameworks";
				PRODUCT_BUNDLE_IDENTIFIER = com.xuebao.SANetworkDemo;
				PRODUCT_NAME = SANetworkDemo;
				PROVISIONING_PROFILE = "";
			};
			name = Release;
		};
		195C562D1CFF01C400F61FB7 /* Debug */ = {
			isa = XCBuildConfiguration;
			baseConfigurationReference = 548C59999037E9BFAC0EC6E0 /* Pods-SANetworkDemoTests.debug.xcconfig */;
			buildSettings = {
				BUNDLE_LOADER = "$(TEST_HOST)";
				"CODE_SIGN_IDENTITY[sdk=iphoneos*]" = "iPhone Developer";
				DEVELOPMENT_TEAM = XDK267KQ83;
				HEADER_SEARCH_PATHS = (
					"$(inherited)",
					"\"${PODS_ROOT}/Headers/Public\"",
					"\"${PODS_ROOT}/Headers/Public/AFNetworking\"",
					"\"${PODS_ROOT}/Headers/Public/MBProgressHUD\"",
					"\"${PODS_ROOT}/Headers/Public/MJRefresh\"",
					"\"${PODS_ROOT}/Headers/Public/PINCache\"",
					"\"${PODS_ROOT}/Headers/Public/YYModel\"",
				);
				INFOPLIST_FILE = SANetworkDemoTests/Info.plist;
				LD_RUNPATH_SEARCH_PATHS = "$(inherited) @executable_path/Frameworks @loader_path/Frameworks";
				LIBRARY_SEARCH_PATHS = (
					"$(inherited)",
					"$(PROJECT_DIR)/build/Debug-iphoneos/AFNetworking",
				);
				PODS_ROOT = "$(inherited)";
				PRODUCT_BUNDLE_IDENTIFIER = com.xuebao.SANetworkDemoTests;
				PRODUCT_NAME = SANetworkDemo;
				PROVISIONING_PROFILE_SPECIFIER = "";
				TEST_HOST = "$(BUILT_PRODUCTS_DIR)/SANetworkDemo.app/SANetworkDemo";
			};
			name = Debug;
		};
		195C562E1CFF01C400F61FB7 /* Release */ = {
			isa = XCBuildConfiguration;
			baseConfigurationReference = B7172133E451FD1D823E6190 /* Pods-SANetworkDemoTests.release.xcconfig */;
			buildSettings = {
				BUNDLE_LOADER = "$(TEST_HOST)";
				DEVELOPMENT_TEAM = "";
				HEADER_SEARCH_PATHS = (
					"$(inherited)",
					"\"${PODS_ROOT}/Headers/Public\"",
					"\"${PODS_ROOT}/Headers/Public/AFNetworking\"",
					"\"${PODS_ROOT}/Headers/Public/MBProgressHUD\"",
					"\"${PODS_ROOT}/Headers/Public/MJRefresh\"",
					"\"${PODS_ROOT}/Headers/Public/PINCache\"",
					"\"${PODS_ROOT}/Headers/Public/YYModel\"",
				);
				INFOPLIST_FILE = SANetworkDemoTests/Info.plist;
				LD_RUNPATH_SEARCH_PATHS = "$(inherited) @executable_path/Frameworks @loader_path/Frameworks";
				LIBRARY_SEARCH_PATHS = (
					"$(inherited)",
					"$(PROJECT_DIR)/build/Debug-iphoneos/AFNetworking",
				);
				PODS_ROOT = "$(inherited)";
				PRODUCT_BUNDLE_IDENTIFIER = com.xuebao.SANetworkDemoTests;
				PRODUCT_NAME = SANetworkDemo;
				PROVISIONING_PROFILE_SPECIFIER = "";
				TEST_HOST = "$(BUILT_PRODUCTS_DIR)/SANetworkDemo.app/SANetworkDemo";
			};
			name = Release;
		};
		25F783ED1EEA2C60005D21C1 /* Debug */ = {
			isa = XCBuildConfiguration;
			buildSettings = {
				PRODUCT_NAME = "$(TARGET_NAME)";
			};
			name = Debug;
		};
		25F783EE1EEA2C60005D21C1 /* Release */ = {
			isa = XCBuildConfiguration;
			buildSettings = {
				PRODUCT_NAME = "$(TARGET_NAME)";
			};
			name = Release;
		};
/* End XCBuildConfiguration section */

/* Begin XCConfigurationList section */
		195C56021CFF01C400F61FB7 /* Build configuration list for PBXProject "SANetworkDemo" */ = {
			isa = XCConfigurationList;
			buildConfigurations = (
				195C56271CFF01C400F61FB7 /* Debug */,
				195C56281CFF01C400F61FB7 /* Release */,
			);
			defaultConfigurationIsVisible = 0;
			defaultConfigurationName = Release;
		};
		195C56291CFF01C400F61FB7 /* Build configuration list for PBXNativeTarget "SANetworkDemo" */ = {
			isa = XCConfigurationList;
			buildConfigurations = (
				195C562A1CFF01C400F61FB7 /* Debug */,
				195C562B1CFF01C400F61FB7 /* Release */,
			);
			defaultConfigurationIsVisible = 0;
			defaultConfigurationName = Release;
		};
		195C562C1CFF01C400F61FB7 /* Build configuration list for PBXNativeTarget "SANetworkDemoTests" */ = {
			isa = XCConfigurationList;
			buildConfigurations = (
				195C562D1CFF01C400F61FB7 /* Debug */,
				195C562E1CFF01C400F61FB7 /* Release */,
			);
			defaultConfigurationIsVisible = 0;
			defaultConfigurationName = Release;
		};
		25F783EC1EEA2C60005D21C1 /* Build configuration list for PBXAggregateTarget "SANetworkDoc" */ = {
			isa = XCConfigurationList;
			buildConfigurations = (
				25F783ED1EEA2C60005D21C1 /* Debug */,
				25F783EE1EEA2C60005D21C1 /* Release */,
			);
			defaultConfigurationIsVisible = 0;
			defaultConfigurationName = Release;
		};
/* End XCConfigurationList section */
	};
	rootObject = 195C55FF1CFF01C400F61FB7 /* Project object */;
}
